<Solution>
  <Project Path="CubusCore.Runtime.csproj" />
  <Project Path="Assembly-CSharp-firstpass.csproj" />
  <Project Path="CubusCore.Runtime.Tests.csproj" />
  <Project Path="Assembly-CSharp.csproj" />
  <Project Path="Assembly-CSharp-Editor-firstpass.csproj" />
  <Project Path="CubusCore.Editor.csproj" />
  <Project Path="CubusCore.Runtime.PlayModeTests.csproj" />
</Solution>
